// !$*UTF8*$!
{
	archiveVersion = 1;
	classes = {
	};
	objectVersion = 50;
	objects = {

/* Begin PBXBuildFile section */
		685097D22110E07C005DD2AF /* AppDelegate.m in Sources */ = {isa = PBXBuildFile; fileRef = 685097D12110E07C005DD2AF /* AppDelegate.m */; };
		685097D52110E07C005DD2AF /* ViewController.m in Sources */ = {isa = PBXBuildFile; fileRef = 685097D42110E07C005DD2AF /* ViewController.m */; };
		685097D82110E07C005DD2AF /* Main.storyboard in Resources */ = {isa = PBXBuildFile; fileRef = 685097D62110E07C005DD2AF /* Main.storyboard */; };
		685097DB2110E07C005DD2AF /* puzzlegame.xcdatamodeld in Sources */ = {isa = PBXBuildFile; fileRef = 685097D92110E07C005DD2AF /* puzzlegame.xcdatamodeld */; };
		685097DD2110E07D005DD2AF /* Assets.xcassets in Resources */ = {isa = PBXBuildFile; fileRef = 685097DC2110E07D005DD2AF /* Assets.xcassets */; };
		685097E02110E07D005DD2AF /* LaunchScreen.storyboard in Resources */ = {isa = PBXBuildFile; fileRef = 685097DE2110E07D005DD2AF /* LaunchScreen.storyboard */; };
		685097E32110E07D005DD2AF /* main.m in Sources */ = {isa = PBXBuildFile; fileRef = 685097E22110E07D005DD2AF /* main.m */; };
/* End PBXBuildFile section */

/* Begin PBXFileReference section */
		685097CD2110E07C005DD2AF /* puzzlegame.app */ = {isa = PBXFileReference; explicitFileType = wrapper.application; includeInIndex = 0; path = puzzlegame.app; sourceTree = BUILT_PRODUCTS_DIR; };
		685097D02110E07C005DD2AF /* AppDelegate.h */ = {isa = PBXFileReference; lastKnownFileType = sourcecode.c.h; path = AppDelegate.h; sourceTree = "<group>"; };
		685097D12110E07C005DD2AF /* AppDelegate.m */ = {isa = PBXFileReference; lastKnownFileType = sourcecode.c.objc; path = AppDelegate.m; sourceTree = "<group>"; };
		685097D32110E07C005DD2AF /* ViewController.h */ = {isa = PBXFileReference; lastKnownFileType = sourcecode.c.h; path = ViewController.h; sourceTree = "<group>"; };
		685097D42110E07C005DD2AF /* ViewController.m */ = {isa = PBXFileReference; lastKnownFileType = sourcecode.c.objc; path = ViewController.m; sourceTree = "<group>"; };
		685097D72110E07C005DD2AF /* Base */ = {isa = PBXFileReference; lastKnownFileType = file.storyboard; name = Base; path = Base.lproj/Main.storyboard; sourceTree = "<group>"; };
		685097DA2110E07C005DD2AF /* puzzlegame.xcdatamodel */ = {isa = PBXFileReference; lastKnownFileType = wrapper.xcdatamodel; path = puzzlegame.xcdatamodel; sourceTree = "<group>"; };
		685097DC2110E07D005DD2AF /* Assets.xcassets */ = {isa = PBXFileReference; lastKnownFileType = folder.assetcatalog; path = Assets.xcassets; sourceTree = "<group>"; };
		685097DF2110E07D005DD2AF /* Base */ = {isa = PBXFileReference; lastKnownFileType = file.storyboard; name = Base; path = Base.lproj/LaunchScreen.storyboard; sourceTree = "<group>"; };
		685097E12110E07D005DD2AF /* Info.plist */ = {isa = PBXFileReference; lastKnownFileType = text.plist.xml; path = Info.plist; sourceTree = "<group>"; };
		685097E22110E07D005DD2AF /* main.m */ = {isa = PBXFileReference; lastKnownFileType = sourcecode.c.objc; path = main.m; sourceTree = "<group>"; };
/* End PBXFileReference section */

/* Begin PBXFrameworksBuildPhase section */
		685097CA2110E07C005DD2AF /* Frameworks */ = {
			isa = PBXFrameworksBuildPhase;
			buildActionMask = 2147483647;
			files = (
			);
			runOnlyForDeploymentPostprocessing = 0;
		};
/* End PBXFrameworksBuildPhase section */

/* Begin PBXGroup section */
		685097C42110E07C005DD2AF = {
			isa = PBXGroup;
			children = (
				685097CF2110E07C005DD2AF /* puzzlegame */,
				685097CE2110E07C005DD2AF /* Products */,
			);
			sourceTree = "<group>";
		};
		685097CE2110E07C005DD2AF /* Products */ = {
			isa = PBXGroup;
			children = (
				685097CD2110E07C005DD2AF /* puzzlegame.app */,
			);
			name = Products;
			sourceTree = "<group>";
		};
		685097CF2110E07C005DD2AF /* puzzlegame */ = {
			isa = PBXGroup;
			children = (
				685097D02110E07C005DD2AF /* AppDelegate.h */,
				685097D12110E07C005DD2AF /* AppDelegate.m */,
				685097D32110E07C005DD2AF /* ViewController.h */,
				685097D42110E07C005DD2AF /* ViewController.m */,
				685097D62110E07C005DD2AF /* Main.storyboard */,
				685097DC2110E07D005DD2AF /* Assets.xcassets */,
				685097DE2110E07D005DD2AF /* LaunchScreen.storyboard */,
				685097E12110E07D005DD2AF /* Info.plist */,
				685097E22110E07D005DD2AF /* main.m */,
				685097D92110E07C005DD2AF /* puzzlegame.xcdatamodeld */,
			);
			path = puzzlegame;
			sourceTree = "<group>";
		};
/* End PBXGroup section */

/* Begin PBXNativeTarget section */
		685097CC2110E07C005DD2AF /* puzzlegame */ = {
			isa = PBXNativeTarget;
			buildConfigurationList = 685097E62110E07D005DD2AF /* Build configuration list for PBXNativeTarget "puzzlegame" */;
			buildPhases = (
				685097C92110E07C005DD2AF /* Sources */,
				685097CA2110E07C005DD2AF /* Frameworks */,
				685097CB2110E07C005DD2AF /* Resources */,
			);
			buildRules = (
			);
			dependencies = (
			);
			name = puzzlegame;
			productName = puzzlegame;
			productReference = 685097CD2110E07C005DD2AF /* puzzlegame.app */;
			productType = "com.apple.product-type.application";
		};
/* End PBXNativeTarget section */

/* Begin PBXProject section */
		685097C52110E07C005DD2AF /* Project object */ = {
			isa = PBXProject;
			attributes = {
				LastUpgradeCheck = 0940;
				ORGANIZATIONNAME = "Jason Ngov";
				TargetAttributes = {
					685097CC2110E07C005DD2AF = {
						CreatedOnToolsVersion = 9.4.1;
					};
				};
			};
			buildConfigurationList = 685097C82110E07C005DD2AF /* Build configuration list for PBXProject "puzzlegame" */;
			compatibilityVersion = "Xcode 9.3";
			developmentRegion = en;
			hasScannedForEncodings = 0;
			knownRegions = (
				en,
				Base,
			);
			mainGroup = 685097C42110E07C005DD2AF;
			productRefGroup = 685097CE2110E07C005DD2AF /* Products */;
			projectDirPath = "";
			projectRoot = "";
			targets = (
				685097CC2110E07C005DD2AF /* puzzlegame */,
			);
		};
/* End PBXProject section */

/* Begin PBXResourcesBuildPhase section */
		685097CB2110E07C005DD2AF /* Resources */ = {
			isa = PBXResourcesBuildPhase;
			buildActionMask = 2147483647;
			files = (
				685097E02110E07D005DD2AF /* LaunchScreen.storyboard in Resources */,
				685097DD2110E07D005DD2AF /* Assets.xcassets in Resources */,
				685097D82110E07C005DD2AF /* Main.storyboard in Resources */,
			);
			runOnlyForDeploymentPostprocessing = 0;
		};
/* End PBXResourcesBuildPhase section */

/* Begin PBXSourcesBuildPhase section */
		685097C92110E07C005DD2AF /* Sources */ = {
			isa = PBXSourcesBuildPhase;
			buildActionMask = 2147483647;
			files = (
				685097D52110E07C005DD2AF /* ViewController.m in Sources */,
				685097D22110E07C005DD2AF /* AppDelegate.m in Sources */,
				685097E32110E07D005DD2AF /* main.m in Sources */,
				685097DB2110E07C005DD2AF /* puzzlegame.xcdatamodeld in Sources */,
			);
			runOnlyForDeploymentPostprocessing = 0;
		};
/* End PBXSourcesBuildPhase section */

/* Begin PBXVariantGroup section */
		685097D62110E07C005DD2AF /* Main.storyboard */ = {
			isa = PBXVariantGroup;
			children = (
				685097D72110E07C005DD2AF /* Base */,
			);
			name = Main.storyboard;
			sourceTree = "<group>";
		};
		685097DE2110E07D005DD2AF /* LaunchScreen.storyboard */ = {
			isa = PBXVariantGroup;
			children = (
				685097DF2110E07D005DD2AF /* Base */,
			);
			name = LaunchScreen.storyboard;
			sourceTree = "<group>";
		};
/* End PBXVariantGroup section */

/* Begin XCBuildConfiguration section */
		685097E42110E07D005DD2AF /* Debug */ = {
			isa = XCBuildConfiguration;
			buildSettings = {
				ALWAYS_SEARCH_USER_PATHS = NO;
				CLANG_ANALYZER_NONNULL = YES;
				CLANG_ANALYZER_NUMBER_OBJECT_CONVERSION = YES_AGGRESSIVE;
				CLANG_CXX_LANGUAGE_STANDARD = "gnu++14";
				CLANG_CXX_LIBRARY = "libc++";
				CLANG_ENABLE_MODULES = YES;
				CLANG_ENABLE_OBJC_ARC = YES;
				CLANG_ENABLE_OBJC_WEAK = YES;
				CLANG_WARN_BLOCK_CAPTURE_AUTORELEASING = YES;
				CLANG_WARN_BOOL_CONVERSION = YES;
				CLANG_WARN_COMMA = YES;
				CLANG_WARN_CONSTANT_CONVERSION = YES;
				CLANG_WARN_DEPRECATED_OBJC_IMPLEMENTATIONS = YES;
				CLANG_WARN_DIRECT_OBJC_ISA_USAGE = YES_ERROR;
				CLANG_WARN_DOCUMENTATION_COMMENTS = YES;
				CLANG_WARN_EMPTY_BODY = YES;
				CLANG_WARN_ENUM_CONVERSION = YES;
				CLANG_WARN_INFINITE_RECURSION = YES;
				CLANG_WARN_INT_CONVERSION = YES;
				CLANG_WARN_NON_LITERAL_NULL_CONVERSION = YES;
				CLANG_WARN_OBJC_IMPLICIT_RETAIN_SELF = YES;
				CLANG_WARN_OBJC_LITERAL_CONVERSION = YES;
				CLANG_WARN_OBJC_ROOT_CLASS = YES_ERROR;
				CLANG_WARN_RANGE_LOOP_ANALYSIS = YES;
				CLANG_WARN_STRICT_PROTOTYPES = YES;
				CLANG_WARN_SUSPICIOUS_MOVE = YES;
				CLANG_WARN_UNGUARDED_AVAILABILITY = YES_AGGRESSIVE;
				CLANG_WARN_UNREACHABLE_CODE = YES;
				CLANG_WARN__DUPLICATE_METHOD_MATCH = YES;
				CODE_SIGN_IDENTITY = "iPhone Developer";
				COPY_PHASE_STRIP = NO;
				DEBUG_INFORMATION_FORMAT = dwarf;
				ENABLE_STRICT_OBJC_MSGSEND = YES;
				ENABLE_TESTABILITY = YES;
				GCC_C_LANGUAGE_STANDARD = gnu11;
				GCC_DYNAMIC_NO_PIC = NO;
				GCC_NO_COMMON_BLOCKS = YES;
				GCC_OPTIMIZATION_LEVEL = 0;
				GCC_PREPROCESSOR_DEFINITIONS = (
					"DEBUG=1",
					"$(inherited)",
				);
				GCC_WARN_64_TO_32_BIT_CONVERSION = YES;
				GCC_WARN_ABOUT_RETURN_TYPE = YES_ERROR;
				GCC_WARN_UNDECLARED_SELECTOR = YES;
				GCC_WARN_UNINITIALIZED_AUTOS = YES_AGGRESSIVE;
				GCC_WARN_UNUSED_FUNCTION = YES;
				GCC_WARN_UNUSED_VARIABLE = YES;
				IPHONEOS_DEPLOYMENT_TARGET = 11.4;
				MTL_ENABLE_DEBUG_INFO = YES;
				ONLY_ACTIVE_ARCH = YES;
				SDKROOT = iphoneos;
			};
			name = Debug;
		};
		685097E52110E07D005DD2AF /* Release */ = {
			isa = XCBuildConfiguration;
			buildSettings = {
				ALWAYS_SEARCH_USER_PATHS = NO;
				CLANG_ANALYZER_NONNULL = YES;
				CLANG_ANALYZER_NUMBER_OBJECT_CONVERSION = YES_AGGRESSIVE;
				CLANG_CXX_LANGUAGE_STANDARD = "gnu++14";
				CLANG_CXX_LIBRARY = "libc++";
				CLANG_ENABLE_MODULES = YES;
				CLANG_ENABLE_OBJC_ARC = YES;
				CLANG_ENABLE_OBJC_WEAK = YES;
				CLANG_WARN_BLOCK_CAPTURE_AUTORELEASING = YES;
				CLANG_WARN_BOOL_CONVERSION = YES;
				CLANG_WARN_COMMA = YES;
				CLANG_WARN_CONSTANT_CONVERSION = YES;
				CLANG_WARN_DEPRECATED_OBJC_IMPLEMENTATIONS = YES;
				CLANG_WARN_DIRECT_OBJC_ISA_USAGE = YES_ERROR;
				CLANG_WARN_DOCUMENTATION_COMMENTS = YES;
				CLANG_WARN_EMPTY_BODY = YES;
				CLANG_WARN_ENUM_CONVERSION = YES;
				CLANG_WARN_INFINITE_RECURSION = YES;
				CLANG_WARN_INT_CONVERSION = YES;
				CLANG_WARN_NON_LITERAL_NULL_CONVERSION = YES;
				CLANG_WARN_OBJC_IMPLICIT_RETAIN_SELF = YES;
				CLANG_WARN_OBJC_LITERAL_CONVERSION = YES;
				CLANG_WARN_OBJC_ROOT_CLASS = YES_ERROR;
				CLANG_WARN_RANGE_LOOP_ANALYSIS = YES;
				CLANG_WARN_STRICT_PROTOTYPES = YES;
				CLANG_WARN_SUSPICIOUS_MOVE = YES;
				CLANG_WARN_UNGUARDED_AVAILABILITY = YES_AGGRESSIVE;
				CLANG_WARN_UNREACHABLE_CODE = YES;
				CLANG_WARN__DUPLICATE_METHOD_MATCH = YES;
				CODE_SIGN_IDENTITY = "iPhone Developer";
				COPY_PHASE_STRIP = NO;
				DEBUG_INFORMATION_FORMAT = "dwarf-with-dsym";
				ENABLE_NS_ASSERTIONS = NO;
				ENABLE_STRICT_OBJC_MSGSEND = YES;
				GCC_C_LANGUAGE_STANDARD = gnu11;
				GCC_NO_COMMON_BLOCKS = YES;
				GCC_WARN_64_TO_32_BIT_CONVERSION = YES;
				GCC_WARN_ABOUT_RETURN_TYPE = YES_ERROR;
				GCC_WARN_UNDECLARED_SELECTOR = YES;
				GCC_WARN_UNINITIALIZED_AUTOS = YES_AGGRESSIVE;
				GCC_WARN_UNUSED_FUNCTION = YES;
				GCC_WARN_UNUSED_VARIABLE = YES;
				IPHONEOS_DEPLOYMENT_TARGET = 11.4;
				MTL_ENABLE_DEBUG_INFO = NO;
				SDKROOT = iphoneos;
				VALIDATE_PRODUCT = YES;
			};
			name = Release;
		};
		685097E72110E07D005DD2AF /* Debug */ = {
			isa = XCBuildConfiguration;
			buildSettings = {
				ASSETCATALOG_COMPILER_APPICON_NAME = AppIcon;
				CODE_SIGN_IDENTITY = "iPhone Developer";
				CODE_SIGN_STYLE = Automatic;
				DEVELOPMENT_TEAM = 7V8AVH82HM;
				INFOPLIST_FILE = puzzlegame/Info.plist;
				LD_RUNPATH_SEARCH_PATHS = (
					"$(inherited)",
					"@executable_path/Frameworks",
				);
				PRODUCT_BUNDLE_IDENTIFIER = com.jasonngov.puzzlegame;
				PRODUCT_NAME = "$(TARGET_NAME)";
				PROVISIONING_PROFILE_SPECIFIER = "";
				TARGETED_DEVICE_FAMILY = "1,2";
			};
			name = Debug;
		};
		685097E82110E07D005DD2AF /* Release */ = {
			isa = XCBuildConfiguration;
			buildSettings = {
				ASSETCATALOG_COMPILER_APPICON_NAME = AppIcon;
				CODE_SIGN_IDENTITY = "iPhone Developer";
				CODE_SIGN_STYLE = Automatic;
				DEVELOPMENT_TEAM = 7V8AVH82HM;
				INFOPLIST_FILE = puzzlegame/Info.plist;
				LD_RUNPATH_SEARCH_PATHS = (
					"$(inherited)",
					"@executable_path/Frameworks",
				);
				PRODUCT_BUNDLE_IDENTIFIER = com.jasonngov.puzzlegame;
				PRODUCT_NAME = "$(TARGET_NAME)";
				PROVISIONING_PROFILE_SPECIFIER = "";
				TARGETED_DEVICE_FAMILY = "1,2";
			};
			name = Release;
		};
/* End XCBuildConfiguration section */

/* Begin XCConfigurationList section */
		685097C82110E07C005DD2AF /* Build configuration list for PBXProject "puzzlegame" */ = {
			isa = XCConfigurationList;
			buildConfigurations = (
				685097E42110E07D005DD2AF /* Debug */,
				685097E52110E07D005DD2AF /* Release */,
			);
			defaultConfigurationIsVisible = 0;
			defaultConfigurationName = Release;
		};
		685097E62110E07D005DD2AF /* Build configuration list for PBXNativeTarget "puzzlegame" */ = {
			isa = XCConfigurationList;
			buildConfigurations = (
				685097E72110E07D005DD2AF /* Debug */,
				685097E82110E07D005DD2AF /* Release */,
			);
			defaultConfigurationIsVisible = 0;
			defaultConfigurationName = Release;
		};
/* End XCConfigurationList section */

/* Begin XCVersionGroup section */
		685097D92110E07C005DD2AF /* puzzlegame.xcdatamodeld */ = {
			isa = XCVersionGroup;
			children = (
				685097DA2110E07C005DD2AF /* puzzlegame.xcdatamodel */,
			);
			currentVersion = 685097DA2110E07C005DD2AF /* puzzlegame.xcdatamodel */;
			path = puzzlegame.xcdatamodeld;
			sourceTree = "<group>";
			versionGroupType = wrapper.xcdatamodel;
		};
/* End XCVersionGroup section */
	};
	rootObject = 685097C52110E07C005DD2AF /* Project object */;
}
